// !$*UTF8*$!
{
	archiveVersion = 1;
	classes = {
	};
	objectVersion = 46;
	objects = {

/* Begin PBXBuildFile section */
		664E92D318BE8C72006C8460 /* SMFacebookPostViewController.m in Sources */ = {isa = PBXBuildFile; fileRef = 664E92D118BE8C72006C8460 /* SMFacebookPostViewController.m */; };
		664E92D418BE8C72006C8460 /* SMFacebookPostViewController.xib in Resources */ = {isa = PBXBuildFile; fileRef = 664E92D218BE8C72006C8460 /* SMFacebookPostViewController.xib */; };
		6654F20118C4742E00070F24 /* SMLeftArrow.png in Resources */ = {isa = PBXBuildFile; fileRef = 6654F1FD18C4742E00070F24 /* SMLeftArrow.png */; };
		6654F20218C4742E00070F24 /* SMLeftArrow@2x.png in Resources */ = {isa = PBXBuildFile; fileRef = 6654F1FE18C4742E00070F24 /* SMLeftArrow@2x.png */; };
		6654F20318C4742E00070F24 /* SMRightArrow.png in Resources */ = {isa = PBXBuildFile; fileRef = 6654F1FF18C4742E00070F24 /* SMRightArrow.png */; };
		6654F20418C4742E00070F24 /* SMRightArrow@2x.png in Resources */ = {isa = PBXBuildFile; fileRef = 6654F20018C4742E00070F24 /* SMRightArrow@2x.png */; };
		668D372B18BD2ED900514701 /* Cocoa.framework in Frameworks */ = {isa = PBXBuildFile; fileRef = 668D372A18BD2ED900514701 /* Cocoa.framework */; };
		668D373518BD2ED900514701 /* InfoPlist.strings in Resources */ = {isa = PBXBuildFile; fileRef = 668D373318BD2ED900514701 /* InfoPlist.strings */; };
		668D373718BD2ED900514701 /* main.m in Sources */ = {isa = PBXBuildFile; fileRef = 668D373618BD2ED900514701 /* main.m */; };
		668D373B18BD2ED900514701 /* Credits.rtf in Resources */ = {isa = PBXBuildFile; fileRef = 668D373918BD2ED900514701 /* Credits.rtf */; };
		668D373E18BD2ED900514701 /* SMAppDelegate.m in Sources */ = {isa = PBXBuildFile; fileRef = 668D373D18BD2ED900514701 /* SMAppDelegate.m */; };
		668D374118BD2ED900514701 /* MainMenu.xib in Resources */ = {isa = PBXBuildFile; fileRef = 668D373F18BD2ED900514701 /* MainMenu.xib */; };
		668D374318BD2ED900514701 /* Images.xcassets in Resources */ = {isa = PBXBuildFile; fileRef = 668D374218BD2ED900514701 /* Images.xcassets */; };
		668D376F18BD2F3700514701 /* SMAdditionalMultipartData.m in Sources */ = {isa = PBXBuildFile; fileRef = 668D376018BD2F3700514701 /* SMAdditionalMultipartData.m */; };
		668D377018BD2F3700514701 /* SMdefaultImage.jpg in Resources */ = {isa = PBXBuildFile; fileRef = 668D376118BD2F3700514701 /* SMdefaultImage.jpg */; };
		668D377118BD2F3700514701 /* SMFacebookSocialManager.m in Sources */ = {isa = PBXBuildFile; fileRef = 668D376318BD2F3700514701 /* SMFacebookSocialManager.m */; };
		668D377418BD2F3700514701 /* SMSocialManager.m in Sources */ = {isa = PBXBuildFile; fileRef = 668D376918BD2F3700514701 /* SMSocialManager.m */; };
		668D377518BD2F3700514701 /* SMSocialManagerWindow.m in Sources */ = {isa = PBXBuildFile; fileRef = 668D376C18BD2F3700514701 /* SMSocialManagerWindow.m */; };
		668D377618BD2F3700514701 /* SMTwitterSocialManager.m in Sources */ = {isa = PBXBuildFile; fileRef = 668D376E18BD2F3700514701 /* SMTwitterSocialManager.m */; };
		668D377818BD317900514701 /* Accounts.framework in Frameworks */ = {isa = PBXBuildFile; fileRef = 668D377718BD317900514701 /* Accounts.framework */; };
		668D377A18BD317E00514701 /* Social.framework in Frameworks */ = {isa = PBXBuildFile; fileRef = 668D377918BD317E00514701 /* Social.framework */; };
		668D377D18BD3EA100514701 /* NSImage+ResizeAndCrop.m in Sources */ = {isa = PBXBuildFile; fileRef = 668D377C18BD3EA100514701 /* NSImage+ResizeAndCrop.m */; };
		668D378018BD3EB500514701 /* NSImage+NSDataRepresentation.m in Sources */ = {isa = PBXBuildFile; fileRef = 668D377F18BD3EB500514701 /* NSImage+NSDataRepresentation.m */; };
		66A67B2318BE274F00937E01 /* SMTwitterPostViewController.m in Sources */ = {isa = PBXBuildFile; fileRef = 66A67B2118BE274F00937E01 /* SMTwitterPostViewController.m */; };
		66A67B2418BE274F00937E01 /* SMTwitterPostViewController.xib in Resources */ = {isa = PBXBuildFile; fileRef = 66A67B2218BE274F00937E01 /* SMTwitterPostViewController.xib */; };
		66A67B2618BE409F00937E01 /* QuartzCore.framework in Frameworks */ = {isa = PBXBuildFile; fileRef = 66A67B2518BE409F00937E01 /* QuartzCore.framework */; };
		66A67B2B18BE447B00937E01 /* NSColorView.m in Sources */ = {isa = PBXBuildFile; fileRef = 66A67B2A18BE447B00937E01 /* NSColorView.m */; };
		66C2BB2118C502F00079253C /* CoreLocation.framework in Frameworks */ = {isa = PBXBuildFile; fileRef = 66C2BB2018C502F00079253C /* CoreLocation.framework */; };
		66C2BB2418C504390079253C /* SMnothing.png in Resources */ = {isa = PBXBuildFile; fileRef = 66C2BB2218C504390079253C /* SMnothing.png */; };
		66C2BB2518C504390079253C /* SMnothing@2x.png in Resources */ = {isa = PBXBuildFile; fileRef = 66C2BB2318C504390079253C /* SMnothing@2x.png */; };
/* End PBXBuildFile section */

/* Begin PBXFileReference section */
		664E92D018BE8C72006C8460 /* SMFacebookPostViewController.h */ = {isa = PBXFileReference; fileEncoding = 4; lastKnownFileType = sourcecode.c.h; path = SMFacebookPostViewController.h; sourceTree = "<group>"; };
		664E92D118BE8C72006C8460 /* SMFacebookPostViewController.m */ = {isa = PBXFileReference; fileEncoding = 4; lastKnownFileType = sourcecode.c.objc; path = SMFacebookPostViewController.m; sourceTree = "<group>"; };
		664E92D218BE8C72006C8460 /* SMFacebookPostViewController.xib */ = {isa = PBXFileReference; fileEncoding = 4; lastKnownFileType = file.xib; path = SMFacebookPostViewController.xib; sourceTree = "<group>"; };
		6654F1FD18C4742E00070F24 /* SMLeftArrow.png */ = {isa = PBXFileReference; lastKnownFileType = image.png; path = SMLeftArrow.png; sourceTree = "<group>"; };
		6654F1FE18C4742E00070F24 /* SMLeftArrow@2x.png */ = {isa = PBXFileReference; lastKnownFileType = image.png; path = "SMLeftArrow@2x.png"; sourceTree = "<group>"; };
		6654F1FF18C4742E00070F24 /* SMRightArrow.png */ = {isa = PBXFileReference; lastKnownFileType = image.png; path = SMRightArrow.png; sourceTree = "<group>"; };
		6654F20018C4742E00070F24 /* SMRightArrow@2x.png */ = {isa = PBXFileReference; lastKnownFileType = image.png; path = "SMRightArrow@2x.png"; sourceTree = "<group>"; };
		668D372718BD2ED900514701 /* SocialManagersForMac.app */ = {isa = PBXFileReference; explicitFileType = wrapper.application; includeInIndex = 0; path = SocialManagersForMac.app; sourceTree = BUILT_PRODUCTS_DIR; };
		668D372A18BD2ED900514701 /* Cocoa.framework */ = {isa = PBXFileReference; lastKnownFileType = wrapper.framework; name = Cocoa.framework; path = System/Library/Frameworks/Cocoa.framework; sourceTree = SDKROOT; };
		668D372D18BD2ED900514701 /* AppKit.framework */ = {isa = PBXFileReference; lastKnownFileType = wrapper.framework; name = AppKit.framework; path = System/Library/Frameworks/AppKit.framework; sourceTree = SDKROOT; };
		668D372E18BD2ED900514701 /* CoreData.framework */ = {isa = PBXFileReference; lastKnownFileType = wrapper.framework; name = CoreData.framework; path = System/Library/Frameworks/CoreData.framework; sourceTree = SDKROOT; };
		668D372F18BD2ED900514701 /* Foundation.framework */ = {isa = PBXFileReference; lastKnownFileType = wrapper.framework; name = Foundation.framework; path = System/Library/Frameworks/Foundation.framework; sourceTree = SDKROOT; };
		668D373218BD2ED900514701 /* SocialManagersForMac-Info.plist */ = {isa = PBXFileReference; lastKnownFileType = text.plist.xml; path = "SocialManagersForMac-Info.plist"; sourceTree = "<group>"; };
		668D373418BD2ED900514701 /* en */ = {isa = PBXFileReference; lastKnownFileType = text.plist.strings; name = en; path = en.lproj/InfoPlist.strings; sourceTree = "<group>"; };
		668D373618BD2ED900514701 /* main.m */ = {isa = PBXFileReference; lastKnownFileType = sourcecode.c.objc; path = main.m; sourceTree = "<group>"; };
		668D373818BD2ED900514701 /* SocialManagersForMac-Prefix.pch */ = {isa = PBXFileReference; lastKnownFileType = sourcecode.c.h; path = "SocialManagersForMac-Prefix.pch"; sourceTree = "<group>"; };
		668D373A18BD2ED900514701 /* en */ = {isa = PBXFileReference; lastKnownFileType = text.rtf; name = en; path = en.lproj/Credits.rtf; sourceTree = "<group>"; };
		668D373C18BD2ED900514701 /* SMAppDelegate.h */ = {isa = PBXFileReference; lastKnownFileType = sourcecode.c.h; path = SMAppDelegate.h; sourceTree = "<group>"; };
		668D373D18BD2ED900514701 /* SMAppDelegate.m */ = {isa = PBXFileReference; lastKnownFileType = sourcecode.c.objc; path = SMAppDelegate.m; sourceTree = "<group>"; };
		668D374018BD2ED900514701 /* Base */ = {isa = PBXFileReference; lastKnownFileType = file.xib; name = Base; path = Base.lproj/MainMenu.xib; sourceTree = "<group>"; };
		668D374218BD2ED900514701 /* Images.xcassets */ = {isa = PBXFileReference; lastKnownFileType = folder.assetcatalog; path = Images.xcassets; sourceTree = "<group>"; };
		668D375F18BD2F3700514701 /* SMAdditionalMultipartData.h */ = {isa = PBXFileReference; fileEncoding = 4; lastKnownFileType = sourcecode.c.h; path = SMAdditionalMultipartData.h; sourceTree = "<group>"; };
		668D376018BD2F3700514701 /* SMAdditionalMultipartData.m */ = {isa = PBXFileReference; fileEncoding = 4; lastKnownFileType = sourcecode.c.objc; path = SMAdditionalMultipartData.m; sourceTree = "<group>"; };
		668D376118BD2F3700514701 /* SMdefaultImage.jpg */ = {isa = PBXFileReference; lastKnownFileType = image.jpeg; path = SMdefaultImage.jpg; sourceTree = "<group>"; };
		668D376218BD2F3700514701 /* SMFacebookSocialManager.h */ = {isa = PBXFileReference; fileEncoding = 4; lastKnownFileType = sourcecode.c.h; path = SMFacebookSocialManager.h; sourceTree = "<group>"; };
		668D376318BD2F3700514701 /* SMFacebookSocialManager.m */ = {isa = PBXFileReference; fileEncoding = 4; lastKnownFileType = sourcecode.c.objc; path = SMFacebookSocialManager.m; sourceTree = "<group>"; };
		668D376818BD2F3700514701 /* SMSocialManager.h */ = {isa = PBXFileReference; fileEncoding = 4; lastKnownFileType = sourcecode.c.h; path = SMSocialManager.h; sourceTree = "<group>"; };
		668D376918BD2F3700514701 /* SMSocialManager.m */ = {isa = PBXFileReference; fileEncoding = 4; lastKnownFileType = sourcecode.c.objc; path = SMSocialManager.m; sourceTree = "<group>"; };
		668D376A18BD2F3700514701 /* SMSocialManagerDelegate.h */ = {isa = PBXFileReference; fileEncoding = 4; lastKnownFileType = sourcecode.c.h; path = SMSocialManagerDelegate.h; sourceTree = "<group>"; };
		668D376B18BD2F3700514701 /* SMSocialManagerWindow.h */ = {isa = PBXFileReference; fileEncoding = 4; lastKnownFileType = sourcecode.c.h; path = SMSocialManagerWindow.h; sourceTree = "<group>"; };
		668D376C18BD2F3700514701 /* SMSocialManagerWindow.m */ = {isa = PBXFileReference; fileEncoding = 4; lastKnownFileType = sourcecode.c.objc; path = SMSocialManagerWindow.m; sourceTree = "<group>"; };
		668D376D18BD2F3700514701 /* SMTwitterSocialManager.h */ = {isa = PBXFileReference; fileEncoding = 4; lastKnownFileType = sourcecode.c.h; path = SMTwitterSocialManager.h; sourceTree = "<group>"; };
		668D376E18BD2F3700514701 /* SMTwitterSocialManager.m */ = {isa = PBXFileReference; fileEncoding = 4; lastKnownFileType = sourcecode.c.objc; path = SMTwitterSocialManager.m; sourceTree = "<group>"; };
		668D377718BD317900514701 /* Accounts.framework */ = {isa = PBXFileReference; lastKnownFileType = wrapper.framework; name = Accounts.framework; path = System/Library/Frameworks/Accounts.framework; sourceTree = SDKROOT; };
		668D377918BD317E00514701 /* Social.framework */ = {isa = PBXFileReference; lastKnownFileType = wrapper.framework; name = Social.framework; path = System/Library/Frameworks/Social.framework; sourceTree = SDKROOT; };
		668D377B18BD3EA100514701 /* NSImage+ResizeAndCrop.h */ = {isa = PBXFileReference; fileEncoding = 4; lastKnownFileType = sourcecode.c.h; path = "NSImage+ResizeAndCrop.h"; sourceTree = "<group>"; };
		668D377C18BD3EA100514701 /* NSImage+ResizeAndCrop.m */ = {isa = PBXFileReference; fileEncoding = 4; lastKnownFileType = sourcecode.c.objc; path = "NSImage+ResizeAndCrop.m"; sourceTree = "<group>"; };
		668D377E18BD3EB500514701 /* NSImage+NSDataRepresentation.h */ = {isa = PBXFileReference; fileEncoding = 4; lastKnownFileType = sourcecode.c.h; path = "NSImage+NSDataRepresentation.h"; sourceTree = "<group>"; };
		668D377F18BD3EB500514701 /* NSImage+NSDataRepresentation.m */ = {isa = PBXFileReference; fileEncoding = 4; lastKnownFileType = sourcecode.c.objc; path = "NSImage+NSDataRepresentation.m"; sourceTree = "<group>"; };
		66A67B2018BE274F00937E01 /* SMTwitterPostViewController.h */ = {isa = PBXFileReference; fileEncoding = 4; lastKnownFileType = sourcecode.c.h; path = SMTwitterPostViewController.h; sourceTree = "<group>"; };
		66A67B2118BE274F00937E01 /* SMTwitterPostViewController.m */ = {isa = PBXFileReference; fileEncoding = 4; lastKnownFileType = sourcecode.c.objc; path = SMTwitterPostViewController.m; sourceTree = "<group>"; };
		66A67B2218BE274F00937E01 /* SMTwitterPostViewController.xib */ = {isa = PBXFileReference; fileEncoding = 4; lastKnownFileType = file.xib; path = SMTwitterPostViewController.xib; sourceTree = "<group>"; };
		66A67B2518BE409F00937E01 /* QuartzCore.framework */ = {isa = PBXFileReference; lastKnownFileType = wrapper.framework; name = QuartzCore.framework; path = System/Library/Frameworks/QuartzCore.framework; sourceTree = SDKROOT; };
		66A67B2918BE447B00937E01 /* NSColorView.h */ = {isa = PBXFileReference; fileEncoding = 4; lastKnownFileType = sourcecode.c.h; path = NSColorView.h; sourceTree = "<group>"; };
		66A67B2A18BE447B00937E01 /* NSColorView.m */ = {isa = PBXFileReference; fileEncoding = 4; lastKnownFileType = sourcecode.c.objc; path = NSColorView.m; sourceTree = "<group>"; };
		66C2BB2018C502F00079253C /* CoreLocation.framework */ = {isa = PBXFileReference; lastKnownFileType = wrapper.framework; name = CoreLocation.framework; path = System/Library/Frameworks/CoreLocation.framework; sourceTree = SDKROOT; };
		66C2BB2218C504390079253C /* SMnothing.png */ = {isa = PBXFileReference; lastKnownFileType = image.png; path = SMnothing.png; sourceTree = "<group>"; };
		66C2BB2318C504390079253C /* SMnothing@2x.png */ = {isa = PBXFileReference; lastKnownFileType = image.png; path = "SMnothing@2x.png"; sourceTree = "<group>"; };
		66CA1C3718C9CAED00449BF9 /* SMSocialManagerPostWindowDelegate.h */ = {isa = PBXFileReference; lastKnownFileType = sourcecode.c.h; path = SMSocialManagerPostWindowDelegate.h; sourceTree = "<group>"; };
/* End PBXFileReference section */

/* Begin PBXFrameworksBuildPhase section */
		668D372418BD2ED900514701 /* Frameworks */ = {
			isa = PBXFrameworksBuildPhase;
			buildActionMask = 2147483647;
			files = (
				66C2BB2118C502F00079253C /* CoreLocation.framework in Frameworks */,
				66A67B2618BE409F00937E01 /* QuartzCore.framework in Frameworks */,
				668D377A18BD317E00514701 /* Social.framework in Frameworks */,
				668D377818BD317900514701 /* Accounts.framework in Frameworks */,
				668D372B18BD2ED900514701 /* Cocoa.framework in Frameworks */,
			);
			runOnlyForDeploymentPostprocessing = 0;
		};
/* End PBXFrameworksBuildPhase section */

/* Begin PBXGroup section */
		6603C68118BE4E8C004ED41E /* images */ = {
			isa = PBXGroup;
			children = (
				66C2BB2218C504390079253C /* SMnothing.png */,
				66C2BB2318C504390079253C /* SMnothing@2x.png */,
				6654F1FD18C4742E00070F24 /* SMLeftArrow.png */,
				6654F1FE18C4742E00070F24 /* SMLeftArrow@2x.png */,
				6654F1FF18C4742E00070F24 /* SMRightArrow.png */,
				6654F20018C4742E00070F24 /* SMRightArrow@2x.png */,
				668D376118BD2F3700514701 /* SMdefaultImage.jpg */,
			);
			name = images;
			sourceTree = "<group>";
		};
		664E92CD18BE66CF006C8460 /* Protocols */ = {
			isa = PBXGroup;
			children = (
				668D376A18BD2F3700514701 /* SMSocialManagerDelegate.h */,
				66CA1C3718C9CAED00449BF9 /* SMSocialManagerPostWindowDelegate.h */,
			);
			name = Protocols;
			sourceTree = "<group>";
		};
		668D371E18BD2ED900514701 = {
			isa = PBXGroup;
			children = (
				668D373018BD2ED900514701 /* Source code */,
				668D372918BD2ED900514701 /* Frameworks */,
				668D372818BD2ED900514701 /* Products */,
			);
			sourceTree = "<group>";
		};
		668D372818BD2ED900514701 /* Products */ = {
			isa = PBXGroup;
			children = (
				668D372718BD2ED900514701 /* SocialManagersForMac.app */,
			);
			name = Products;
			sourceTree = "<group>";
		};
		668D372918BD2ED900514701 /* Frameworks */ = {
			isa = PBXGroup;
			children = (
				66C2BB2018C502F00079253C /* CoreLocation.framework */,
				66A67B2518BE409F00937E01 /* QuartzCore.framework */,
				668D377918BD317E00514701 /* Social.framework */,
				668D377718BD317900514701 /* Accounts.framework */,
				668D372A18BD2ED900514701 /* Cocoa.framework */,
				668D372C18BD2ED900514701 /* Other Frameworks */,
			);
			name = Frameworks;
			sourceTree = "<group>";
		};
		668D372C18BD2ED900514701 /* Other Frameworks */ = {
			isa = PBXGroup;
			children = (
				668D372D18BD2ED900514701 /* AppKit.framework */,
				668D372E18BD2ED900514701 /* CoreData.framework */,
				668D372F18BD2ED900514701 /* Foundation.framework */,
			);
			name = "Other Frameworks";
			sourceTree = "<group>";
		};
		668D373018BD2ED900514701 /* Source code */ = {
			isa = PBXGroup;
			children = (
				668D375E18BD2F2C00514701 /* SocialManagersForMac */,
				668D373C18BD2ED900514701 /* SMAppDelegate.h */,
				668D373D18BD2ED900514701 /* SMAppDelegate.m */,
				668D373F18BD2ED900514701 /* MainMenu.xib */,
				668D374218BD2ED900514701 /* Images.xcassets */,
				668D373118BD2ED900514701 /* Supporting Files */,
			);
			name = "Source code";
			path = SocialManagersForMac;
			sourceTree = "<group>";
		};
		668D373118BD2ED900514701 /* Supporting Files */ = {
			isa = PBXGroup;
			children = (
				668D373218BD2ED900514701 /* SocialManagersForMac-Info.plist */,
				668D373318BD2ED900514701 /* InfoPlist.strings */,
				668D373618BD2ED900514701 /* main.m */,
				668D373818BD2ED900514701 /* SocialManagersForMac-Prefix.pch */,
				668D373918BD2ED900514701 /* Credits.rtf */,
			);
			name = "Supporting Files";
			sourceTree = "<group>";
		};
		668D375E18BD2F2C00514701 /* SocialManagersForMac */ = {
			isa = PBXGroup;
			children = (
				664E92CD18BE66CF006C8460 /* Protocols */,
				6603C68118BE4E8C004ED41E /* images */,
				66A67B2818BE43B700937E01 /* Custom controls */,
				66A67B2718BE43AB00937E01 /* Categories */,
				668D375F18BD2F3700514701 /* SMAdditionalMultipartData.h */,
				668D376018BD2F3700514701 /* SMAdditionalMultipartData.m */,
				668D376218BD2F3700514701 /* SMFacebookSocialManager.h */,
				668D376318BD2F3700514701 /* SMFacebookSocialManager.m */,
				668D376818BD2F3700514701 /* SMSocialManager.h */,
				668D376918BD2F3700514701 /* SMSocialManager.m */,
				668D376B18BD2F3700514701 /* SMSocialManagerWindow.h */,
				668D376C18BD2F3700514701 /* SMSocialManagerWindow.m */,
				668D376D18BD2F3700514701 /* SMTwitterSocialManager.h */,
				668D376E18BD2F3700514701 /* SMTwitterSocialManager.m */,
				66A67B2018BE274F00937E01 /* SMTwitterPostViewController.h */,
				66A67B2118BE274F00937E01 /* SMTwitterPostViewController.m */,
				66A67B2218BE274F00937E01 /* SMTwitterPostViewController.xib */,
				664E92D018BE8C72006C8460 /* SMFacebookPostViewController.h */,
				664E92D118BE8C72006C8460 /* SMFacebookPostViewController.m */,
				664E92D218BE8C72006C8460 /* SMFacebookPostViewController.xib */,
			);
			name = SocialManagersForMac;
			sourceTree = "<group>";
		};
		66A67B2718BE43AB00937E01 /* Categories */ = {
			isa = PBXGroup;
			children = (
				668D377E18BD3EB500514701 /* NSImage+NSDataRepresentation.h */,
				668D377F18BD3EB500514701 /* NSImage+NSDataRepresentation.m */,
				668D377B18BD3EA100514701 /* NSImage+ResizeAndCrop.h */,
				668D377C18BD3EA100514701 /* NSImage+ResizeAndCrop.m */,
			);
			name = Categories;
			sourceTree = "<group>";
		};
		66A67B2818BE43B700937E01 /* Custom controls */ = {
			isa = PBXGroup;
			children = (
				66A67B2918BE447B00937E01 /* NSColorView.h */,
				66A67B2A18BE447B00937E01 /* NSColorView.m */,
			);
			name = "Custom controls";
			sourceTree = "<group>";
		};
/* End PBXGroup section */

/* Begin PBXNativeTarget section */
		668D372618BD2ED900514701 /* SocialManagersForMac */ = {
			isa = PBXNativeTarget;
			buildConfigurationList = 668D375818BD2EDA00514701 /* Build configuration list for PBXNativeTarget "SocialManagersForMac" */;
			buildPhases = (
				668D372318BD2ED900514701 /* Sources */,
				668D372418BD2ED900514701 /* Frameworks */,
				668D372518BD2ED900514701 /* Resources */,
			);
			buildRules = (
			);
			dependencies = (
			);
			name = SocialManagersForMac;
			productName = SocialManagersForMac;
			productReference = 668D372718BD2ED900514701 /* SocialManagersForMac.app */;
			productType = "com.apple.product-type.application";
		};
/* End PBXNativeTarget section */

/* Begin PBXProject section */
		668D371F18BD2ED900514701 /* Project object */ = {
			isa = PBXProject;
			attributes = {
				CLASSPREFIX = SM;
				LastUpgradeCheck = 0500;
				ORGANIZATIONNAME = "Ignacio Nieto Carvajal";
			};
			buildConfigurationList = 668D372218BD2ED900514701 /* Build configuration list for PBXProject "SocialManagersForMac" */;
			compatibilityVersion = "Xcode 3.2";
			developmentRegion = English;
			hasScannedForEncodings = 0;
			knownRegions = (
				en,
				Base,
			);
			mainGroup = 668D371E18BD2ED900514701;
			productRefGroup = 668D372818BD2ED900514701 /* Products */;
			projectDirPath = "";
			projectRoot = "";
			targets = (
				668D372618BD2ED900514701 /* SocialManagersForMac */,
			);
		};
/* End PBXProject section */

/* Begin PBXResourcesBuildPhase section */
		668D372518BD2ED900514701 /* Resources */ = {
			isa = PBXResourcesBuildPhase;
			buildActionMask = 2147483647;
			files = (
				6654F20118C4742E00070F24 /* SMLeftArrow.png in Resources */,
				6654F20218C4742E00070F24 /* SMLeftArrow@2x.png in Resources */,
				66A67B2418BE274F00937E01 /* SMTwitterPostViewController.xib in Resources */,
				664E92D418BE8C72006C8460 /* SMFacebookPostViewController.xib in Resources */,
				668D373518BD2ED900514701 /* InfoPlist.strings in Resources */,
				66C2BB2518C504390079253C /* SMnothing@2x.png in Resources */,
				6654F20418C4742E00070F24 /* SMRightArrow@2x.png in Resources */,
				668D374318BD2ED900514701 /* Images.xcassets in Resources */,
				6654F20318C4742E00070F24 /* SMRightArrow.png in Resources */,
				668D377018BD2F3700514701 /* SMdefaultImage.jpg in Resources */,
				668D373B18BD2ED900514701 /* Credits.rtf in Resources */,
				668D374118BD2ED900514701 /* MainMenu.xib in Resources */,
				66C2BB2418C504390079253C /* SMnothing.png in Resources */,
			);
			runOnlyForDeploymentPostprocessing = 0;
		};
/* End PBXResourcesBuildPhase section */

/* Begin PBXSourcesBuildPhase section */
		668D372318BD2ED900514701 /* Sources */ = {
			isa = PBXSourcesBuildPhase;
			buildActionMask = 2147483647;
			files = (
				66A67B2318BE274F00937E01 /* SMTwitterPostViewController.m in Sources */,
				668D378018BD3EB500514701 /* NSImage+NSDataRepresentation.m in Sources */,
				668D377518BD2F3700514701 /* SMSocialManagerWindow.m in Sources */,
				668D377618BD2F3700514701 /* SMTwitterSocialManager.m in Sources */,
				668D377118BD2F3700514701 /* SMFacebookSocialManager.m in Sources */,
				668D376F18BD2F3700514701 /* SMAdditionalMultipartData.m in Sources */,
				668D373E18BD2ED900514701 /* SMAppDelegate.m in Sources */,
				668D377418BD2F3700514701 /* SMSocialManager.m in Sources */,
				664E92D318BE8C72006C8460 /* SMFacebookPostViewController.m in Sources */,
				668D377D18BD3EA100514701 /* NSImage+ResizeAndCrop.m in Sources */,
				66A67B2B18BE447B00937E01 /* NSColorView.m in Sources */,
				668D373718BD2ED900514701 /* main.m in Sources */,
			);
			runOnlyForDeploymentPostprocessing = 0;
		};
/* End PBXSourcesBuildPhase section */

/* Begin PBXVariantGroup section */
		668D373318BD2ED900514701 /* InfoPlist.strings */ = {
			isa = PBXVariantGroup;
			children = (
				668D373418BD2ED900514701 /* en */,
			);
			name = InfoPlist.strings;
			sourceTree = "<group>";
		};
		668D373918BD2ED900514701 /* Credits.rtf */ = {
			isa = PBXVariantGroup;
			children = (
				668D373A18BD2ED900514701 /* en */,
			);
			name = Credits.rtf;
			sourceTree = "<group>";
		};
		668D373F18BD2ED900514701 /* MainMenu.xib */ = {
			isa = PBXVariantGroup;
			children = (
				668D374018BD2ED900514701 /* Base */,
			);
			name = MainMenu.xib;
			sourceTree = "<group>";
		};
/* End PBXVariantGroup section */

/* Begin XCBuildConfiguration section */
		668D375618BD2EDA00514701 /* Debug */ = {
			isa = XCBuildConfiguration;
			buildSettings = {
				ALWAYS_SEARCH_USER_PATHS = NO;
				CLANG_CXX_LANGUAGE_STANDARD = "gnu++0x";
				CLANG_CXX_LIBRARY = "libc++";
				CLANG_ENABLE_OBJC_ARC = YES;
				CLANG_WARN_BOOL_CONVERSION = YES;
				CLANG_WARN_CONSTANT_CONVERSION = YES;
				CLANG_WARN_DIRECT_OBJC_ISA_USAGE = YES_ERROR;
				CLANG_WARN_EMPTY_BODY = YES;
				CLANG_WARN_ENUM_CONVERSION = YES;
				CLANG_WARN_INT_CONVERSION = YES;
				CLANG_WARN_OBJC_ROOT_CLASS = YES_ERROR;
				CLANG_WARN__DUPLICATE_METHOD_MATCH = YES;
				COPY_PHASE_STRIP = NO;
				GCC_C_LANGUAGE_STANDARD = gnu99;
				GCC_DYNAMIC_NO_PIC = NO;
				GCC_ENABLE_OBJC_EXCEPTIONS = YES;
				GCC_OPTIMIZATION_LEVEL = 0;
				GCC_PREPROCESSOR_DEFINITIONS = (
					"DEBUG=1",
					"$(inherited)",
				);
				GCC_SYMBOLS_PRIVATE_EXTERN = NO;
				GCC_WARN_64_TO_32_BIT_CONVERSION = YES;
				GCC_WARN_ABOUT_RETURN_TYPE = YES_ERROR;
				GCC_WARN_UNDECLARED_SELECTOR = YES;
				GCC_WARN_UNINITIALIZED_AUTOS = YES;
				GCC_WARN_UNUSED_FUNCTION = YES;
				GCC_WARN_UNUSED_VARIABLE = YES;
				MACOSX_DEPLOYMENT_TARGET = 10.9;
				ONLY_ACTIVE_ARCH = YES;
				SDKROOT = macosx;
			};
			name = Debug;
		};
		668D375718BD2EDA00514701 /* Release */ = {
			isa = XCBuildConfiguration;
			buildSettings = {
				ALWAYS_SEARCH_USER_PATHS = NO;
				CLANG_CXX_LANGUAGE_STANDARD = "gnu++0x";
				CLANG_CXX_LIBRARY = "libc++";
				CLANG_ENABLE_OBJC_ARC = YES;
				CLANG_WARN_BOOL_CONVERSION = YES;
				CLANG_WARN_CONSTANT_CONVERSION = YES;
				CLANG_WARN_DIRECT_OBJC_ISA_USAGE = YES_ERROR;
				CLANG_WARN_EMPTY_BODY = YES;
				CLANG_WARN_ENUM_CONVERSION = YES;
				CLANG_WARN_INT_CONVERSION = YES;
				CLANG_WARN_OBJC_ROOT_CLASS = YES_ERROR;
				CLANG_WARN__DUPLICATE_METHOD_MATCH = YES;
				COPY_PHASE_STRIP = YES;
				DEBUG_INFORMATION_FORMAT = "dwarf-with-dsym";
				ENABLE_NS_ASSERTIONS = NO;
				GCC_C_LANGUAGE_STANDARD = gnu99;
				GCC_ENABLE_OBJC_EXCEPTIONS = YES;
				GCC_WARN_64_TO_32_BIT_CONVERSION = YES;
				GCC_WARN_ABOUT_RETURN_TYPE = YES_ERROR;
				GCC_WARN_UNDECLARED_SELECTOR = YES;
				GCC_WARN_UNINITIALIZED_AUTOS = YES;
				GCC_WARN_UNUSED_FUNCTION = YES;
				GCC_WARN_UNUSED_VARIABLE = YES;
				MACOSX_DEPLOYMENT_TARGET = 10.9;
				SDKROOT = macosx;
			};
			name = Release;
		};
		668D375918BD2EDA00514701 /* Debug */ = {
			isa = XCBuildConfiguration;
			buildSettings = {
				ASSETCATALOG_COMPILER_APPICON_NAME = AppIcon;
				COMBINE_HIDPI_IMAGES = YES;
				GCC_PRECOMPILE_PREFIX_HEADER = YES;
				GCC_PREFIX_HEADER = "SocialManagersForMac/SocialManagersForMac-Prefix.pch";
				INFOPLIST_FILE = "SocialManagersForMac/SocialManagersForMac-Info.plist";
				PRODUCT_NAME = "$(TARGET_NAME)";
				WRAPPER_EXTENSION = app;
			};
			name = Debug;
		};
		668D375A18BD2EDA00514701 /* Release */ = {
			isa = XCBuildConfiguration;
			buildSettings = {
				ASSETCATALOG_COMPILER_APPICON_NAME = AppIcon;
				COMBINE_HIDPI_IMAGES = YES;
				GCC_PRECOMPILE_PREFIX_HEADER = YES;
				GCC_PREFIX_HEADER = "SocialManagersForMac/SocialManagersForMac-Prefix.pch";
				INFOPLIST_FILE = "SocialManagersForMac/SocialManagersForMac-Info.plist";
				PRODUCT_NAME = "$(TARGET_NAME)";
				WRAPPER_EXTENSION = app;
			};
			name = Release;
		};
/* End XCBuildConfiguration section */

/* Begin XCConfigurationList section */
		668D372218BD2ED900514701 /* Build configuration list for PBXProject "SocialManagersForMac" */ = {
			isa = XCConfigurationList;
			buildConfigurations = (
				668D375618BD2EDA00514701 /* Debug */,
				668D375718BD2EDA00514701 /* Release */,
			);
			defaultConfigurationIsVisible = 0;
			defaultConfigurationName = Release;
		};
		668D375818BD2EDA00514701 /* Build configuration list for PBXNativeTarget "SocialManagersForMac" */ = {
			isa = XCConfigurationList;
			buildConfigurations = (
				668D375918BD2EDA00514701 /* Debug */,
				668D375A18BD2EDA00514701 /* Release */,
			);
			defaultConfigurationIsVisible = 0;
			defaultConfigurationName = Release;
		};
/* End XCConfigurationList section */
	};
	rootObject = 668D371F18BD2ED900514701 /* Project object */;
}
